
Microsoft Visual Studio Solution File, Format Version 12.00
# Visual Studio Version 17
VisualStudioVersion = 17.2.32630.192
MinimumVisualStudioVersion = 10.0.40219.1
Project("{9A19103F-16F7-4668-BE54-9A1E7A4F7556}") = "CS+Receive", "CS+Receive\CS+Receive.csproj", "{5A713699-60A6-499B-BBFC-382FDA0F538A}"
EndProject
Project("{9A19103F-16F7-4668-BE54-9A1E7A4F7556}") = "CS+Send", "CS+Send\CS+Send.csproj", "{830DFA83-047C-41E5-9465-712F9614700F}"
EndProject
Project("{9A19103F-16F7-4668-BE54-9A1E7A4F7556}") = "CS+Worker", "CS+Worker\CS+Worker.csproj", "{B7F82A5E-8BA0-4FEC-8DBB-11B52F52806B}"
EndProject
Project("{9A19103F-16F7-4668-BE54-9A1E7A4F7556}") = "CS+NewTask", "CS+NewTask\CS+NewTask.csproj", "{5A1CDAAE-4149-45F4-8864-F51211B2E967}"
EndProject
Project("{9A19103F-16F7-4668-BE54-9A1E7A4F7556}") = "CS+EmitLog", "CS+EmitLog\CS+EmitLog.csproj", "{E0D1B7A8-BC9C-480B-8C34-43C6675404A0}"
EndProject
Project("{9A19103F-16F7-4668-BE54-9A1E7A4F7556}") = "CS+EmitLogDirect", "CS+EmitLogDirect\CS+EmitLogDirect.csproj", "{BDA585CB-BCD5-493A-BC1D-FB5215C7CB02}"
EndProject
Project("{9A19103F-16F7-4668-BE54-9A1E7A4F7556}") = "CS+ReceiveLogs", "CS+ReceiveLogs\CS+ReceiveLogs.csproj", "{7621A138-A563-4B70-910D-94D68DF16D6D}"
EndProject
Project("{9A19103F-16F7-4668-BE54-9A1E7A4F7556}") = "CS+ReceiveLogsDirect", "CS+ReceiveLogsDirect\CS+ReceiveLogsDirect.csproj", "{56D9278A-A953-465E-9202-DD19EFC849FA}"
EndProject
Project("{9A19103F-16F7-4668-BE54-9A1E7A4F7556}") = "CS+EmitLogTopic", "CS+EmitLogTopic\CS+EmitLogTopic.csproj", "{C6B2B727-9321-462F-9D7E-5A3939BF1920}"
EndProject
Project("{9A19103F-16F7-4668-BE54-9A1E7A4F7556}") = "CS+ReceiveLogsTopic", "CS+ReceiveLogsTopic\CS+ReceiveLogsTopic.csproj", "{54D6252F-308E-4540-AE5A-FC580FAF0155}"
EndProject
Project("{9A19103F-16F7-4668-BE54-9A1E7A4F7556}") = "CS+RPCServer", "CS+RPCServer\CS+RPCServer.csproj", "{DA485ECA-0CB6-4D4E-A223-3AAD9949AA9C}"
EndProject
Project("{9A19103F-16F7-4668-BE54-9A1E7A4F7556}") = "CS+RPCClient", "CS+RPCClient\CS+RPCClient.csproj", "{63239069-D824-4417-9E24-A1717D483CF1}"
EndProject
Project("{9A19103F-16F7-4668-BE54-9A1E7A4F7556}") = "CS+PublisherConfirms", "CS+PublisherConfirms\CS+PublisherConfirms.csproj", "{1B9DE97A-1D8B-4E01-A718-B2EA09CAD3C8}"
EndProject
Project("{8BC9CEB8-8B4A-11D0-8D11-00A0C91BC942}") = "C+Common", "C+Common\C+Common.vcxproj", "{955EA96B-A527-4D1E-A0AD-8C98E8307DFA}"
EndProject
Project("{8BC9CEB8-8B4A-11D0-8D11-00A0C91BC942}") = "C+HelloWorld", "C+HelloWorld\C+HelloWorld.vcxproj", "{30085D85-5169-4834-B5FE-62C935398204}"
EndProject
Project("{8BC9CEB8-8B4A-11D0-8D11-00A0C91BC942}") = "C+Listen", "C+Listen\C+Listen.vcxproj", "{FF4860A5-BB52-4F8E-8632-CC91734CBB82}"
EndProject
Project("{8BC9CEB8-8B4A-11D0-8D11-00A0C91BC942}") = "C+Send", "C+Send\C+Send.vcxproj", "{B5FEEFF4-AE54-4C8D-871B-63ED5FB0690B}"
EndProject
Project("{8BC9CEB8-8B4A-11D0-8D11-00A0C91BC942}") = "C++Send", "C++Send\C++Send.vcxproj", "{EE4246C1-8952-4CBB-97EA-0B4775265973}"
EndProject
Project("{8BC9CEB8-8B4A-11D0-8D11-00A0C91BC942}") = "C++Receive", "C++Receive\C++Receive.vcxproj", "{F0FA87F2-3126-4F5E-930D-8F98CDF7083D}"
EndProject
Project("{8BC9CEB8-8B4A-11D0-8D11-00A0C91BC942}") = "C++Worker", "C++Worker\C++Worker.vcxproj", "{C3F81265-8A60-40DD-9669-B1ACDBCE0116}"
EndProject
Project("{8BC9CEB8-8B4A-11D0-8D11-00A0C91BC942}") = "C++NewTask", "C++NewTask\C++NewTask.vcxproj", "{AAC92ADE-F77A-4902-ABEC-FDDC6B18E64E}"
EndProject
Project("{8BC9CEB8-8B4A-11D0-8D11-00A0C91BC942}") = "C++EmitLog", "C++EmitLog\C++EmitLog.vcxproj", "{A24DEFA7-97B3-4886-AC4E-B39D85C3D68E}"
EndProject
Project("{8BC9CEB8-8B4A-11D0-8D11-00A0C91BC942}") = "C++ReceiveLogs", "C++ReceiveLogs\C++ReceiveLogs.vcxproj", "{3A3BE22D-7899-4973-8F14-B7A7F8DBC231}"
EndProject
Project("{8BC9CEB8-8B4A-11D0-8D11-00A0C91BC942}") = "C++EmitLogDirect", "C++EmitLogDirect\C++EmitLogDirect.vcxproj", "{CB86D461-92CD-4332-8C78-01E884436593}"
EndProject
Project("{8BC9CEB8-8B4A-11D0-8D11-00A0C91BC942}") = "C++ReceiveLogsDirect", "C++ReceiveLogsDirect\C++ReceiveLogsDirect.vcxproj", "{6780C45A-A0F7-43A0-A41E-90251BCE6221}"
EndProject
Project("{8BC9CEB8-8B4A-11D0-8D11-00A0C91BC942}") = "C++EmitLogTopic", "C++EmitLogTopic\C++EmitLogTopic.vcxproj", "{54D67954-4B2F-4DBE-A6CD-06C323CC007D}"
EndProject
Project("{8BC9CEB8-8B4A-11D0-8D11-00A0C91BC942}") = "C++ReceiveLogsTopic", "C++ReceiveLogsTopic\C++ReceiveLogsTopic.vcxproj", "{77394DDA-DC33-43A8-B9F2-5807B4260C58}"
EndProject
Project("{8BC9CEB8-8B4A-11D0-8D11-00A0C91BC942}") = "C++RPCClient", "C++RPCClient\C++RPCClient.vcxproj", "{B840442B-3B89-4987-8FB1-3DE7424708F5}"
EndProject
Project("{8BC9CEB8-8B4A-11D0-8D11-00A0C91BC942}") = "C++RPCServer", "C++RPCServer\C++RPCServer.vcxproj", "{98875B9F-3D87-4BE2-9250-39428DF36930}"
EndProject
Global
	GlobalSection(SolutionConfigurationPlatforms) = preSolution
		Debug|Any CPU = Debug|Any CPU
		Debug|x64 = Debug|x64
		Debug|x86 = Debug|x86
		Release|Any CPU = Release|Any CPU
		Release|x64 = Release|x64
		Release|x86 = Release|x86
	EndGlobalSection
	GlobalSection(ProjectConfigurationPlatforms) = postSolution
		{5A713699-60A6-499B-BBFC-382FDA0F538A}.Debug|Any CPU.ActiveCfg = Debug|Any CPU
		{5A713699-60A6-499B-BBFC-382FDA0F538A}.Debug|Any CPU.Build.0 = Debug|Any CPU
		{5A713699-60A6-499B-BBFC-382FDA0F538A}.Debug|x64.ActiveCfg = Debug|Any CPU
		{5A713699-60A6-499B-BBFC-382FDA0F538A}.Debug|x64.Build.0 = Debug|Any CPU
		{5A713699-60A6-499B-BBFC-382FDA0F538A}.Debug|x86.ActiveCfg = Debug|Any CPU
		{5A713699-60A6-499B-BBFC-382FDA0F538A}.Debug|x86.Build.0 = Debug|Any CPU
		{5A713699-60A6-499B-BBFC-382FDA0F538A}.Release|Any CPU.ActiveCfg = Release|Any CPU
		{5A713699-60A6-499B-BBFC-382FDA0F538A}.Release|Any CPU.Build.0 = Release|Any CPU
		{5A713699-60A6-499B-BBFC-382FDA0F538A}.Release|x64.ActiveCfg = Release|Any CPU
		{5A713699-60A6-499B-BBFC-382FDA0F538A}.Release|x64.Build.0 = Release|Any CPU
		{5A713699-60A6-499B-BBFC-382FDA0F538A}.Release|x86.ActiveCfg = Release|Any CPU
		{5A713699-60A6-499B-BBFC-382FDA0F538A}.Release|x86.Build.0 = Release|Any CPU
		{830DFA83-047C-41E5-9465-712F9614700F}.Debug|Any CPU.ActiveCfg = Debug|Any CPU
		{830DFA83-047C-41E5-9465-712F9614700F}.Debug|Any CPU.Build.0 = Debug|Any CPU
		{830DFA83-047C-41E5-9465-712F9614700F}.Debug|x64.ActiveCfg = Debug|Any CPU
		{830DFA83-047C-41E5-9465-712F9614700F}.Debug|x64.Build.0 = Debug|Any CPU
		{830DFA83-047C-41E5-9465-712F9614700F}.Debug|x86.ActiveCfg = Debug|Any CPU
		{830DFA83-047C-41E5-9465-712F9614700F}.Debug|x86.Build.0 = Debug|Any CPU
		{830DFA83-047C-41E5-9465-712F9614700F}.Release|Any CPU.ActiveCfg = Release|Any CPU
		{830DFA83-047C-41E5-9465-712F9614700F}.Release|Any CPU.Build.0 = Release|Any CPU
		{830DFA83-047C-41E5-9465-712F9614700F}.Release|x64.ActiveCfg = Release|Any CPU
		{830DFA83-047C-41E5-9465-712F9614700F}.Release|x64.Build.0 = Release|Any CPU
		{830DFA83-047C-41E5-9465-712F9614700F}.Release|x86.ActiveCfg = Release|Any CPU
		{830DFA83-047C-41E5-9465-712F9614700F}.Release|x86.Build.0 = Release|Any CPU
		{B7F82A5E-8BA0-4FEC-8DBB-11B52F52806B}.Debug|Any CPU.ActiveCfg = Debug|Any CPU
		{B7F82A5E-8BA0-4FEC-8DBB-11B52F52806B}.Debug|Any CPU.Build.0 = Debug|Any CPU
		{B7F82A5E-8BA0-4FEC-8DBB-11B52F52806B}.Debug|x64.ActiveCfg = Debug|Any CPU
		{B7F82A5E-8BA0-4FEC-8DBB-11B52F52806B}.Debug|x64.Build.0 = Debug|Any CPU
		{B7F82A5E-8BA0-4FEC-8DBB-11B52F52806B}.Debug|x86.ActiveCfg = Debug|Any CPU
		{B7F82A5E-8BA0-4FEC-8DBB-11B52F52806B}.Debug|x86.Build.0 = Debug|Any CPU
		{B7F82A5E-8BA0-4FEC-8DBB-11B52F52806B}.Release|Any CPU.ActiveCfg = Release|Any CPU
		{B7F82A5E-8BA0-4FEC-8DBB-11B52F52806B}.Release|Any CPU.Build.0 = Release|Any CPU
		{B7F82A5E-8BA0-4FEC-8DBB-11B52F52806B}.Release|x64.ActiveCfg = Release|Any CPU
		{B7F82A5E-8BA0-4FEC-8DBB-11B52F52806B}.Release|x64.Build.0 = Release|Any CPU
		{B7F82A5E-8BA0-4FEC-8DBB-11B52F52806B}.Release|x86.ActiveCfg = Release|Any CPU
		{B7F82A5E-8BA0-4FEC-8DBB-11B52F52806B}.Release|x86.Build.0 = Release|Any CPU
		{5A1CDAAE-4149-45F4-8864-F51211B2E967}.Debug|Any CPU.ActiveCfg = Debug|Any CPU
		{5A1CDAAE-4149-45F4-8864-F51211B2E967}.Debug|Any CPU.Build.0 = Debug|Any CPU
		{5A1CDAAE-4149-45F4-8864-F51211B2E967}.Debug|x64.ActiveCfg = Debug|Any CPU
		{5A1CDAAE-4149-45F4-8864-F51211B2E967}.Debug|x64.Build.0 = Debug|Any CPU
		{5A1CDAAE-4149-45F4-8864-F51211B2E967}.Debug|x86.ActiveCfg = Debug|Any CPU
		{5A1CDAAE-4149-45F4-8864-F51211B2E967}.Debug|x86.Build.0 = Debug|Any CPU
		{5A1CDAAE-4149-45F4-8864-F51211B2E967}.Release|Any CPU.ActiveCfg = Release|Any CPU
		{5A1CDAAE-4149-45F4-8864-F51211B2E967}.Release|Any CPU.Build.0 = Release|Any CPU
		{5A1CDAAE-4149-45F4-8864-F51211B2E967}.Release|x64.ActiveCfg = Release|Any CPU
		{5A1CDAAE-4149-45F4-8864-F51211B2E967}.Release|x64.Build.0 = Release|Any CPU
		{5A1CDAAE-4149-45F4-8864-F51211B2E967}.Release|x86.ActiveCfg = Release|Any CPU
		{5A1CDAAE-4149-45F4-8864-F51211B2E967}.Release|x86.Build.0 = Release|Any CPU
		{E0D1B7A8-BC9C-480B-8C34-43C6675404A0}.Debug|Any CPU.ActiveCfg = Debug|Any CPU
		{E0D1B7A8-BC9C-480B-8C34-43C6675404A0}.Debug|Any CPU.Build.0 = Debug|Any CPU
		{E0D1B7A8-BC9C-480B-8C34-43C6675404A0}.Debug|x64.ActiveCfg = Debug|Any CPU
		{E0D1B7A8-BC9C-480B-8C34-43C6675404A0}.Debug|x64.Build.0 = Debug|Any CPU
		{E0D1B7A8-BC9C-480B-8C34-43C6675404A0}.Debug|x86.ActiveCfg = Debug|Any CPU
		{E0D1B7A8-BC9C-480B-8C34-43C6675404A0}.Debug|x86.Build.0 = Debug|Any CPU
		{E0D1B7A8-BC9C-480B-8C34-43C6675404A0}.Release|Any CPU.ActiveCfg = Release|Any CPU
		{E0D1B7A8-BC9C-480B-8C34-43C6675404A0}.Release|Any CPU.Build.0 = Release|Any CPU
		{E0D1B7A8-BC9C-480B-8C34-43C6675404A0}.Release|x64.ActiveCfg = Release|Any CPU
		{E0D1B7A8-BC9C-480B-8C34-43C6675404A0}.Release|x64.Build.0 = Release|Any CPU
		{E0D1B7A8-BC9C-480B-8C34-43C6675404A0}.Release|x86.ActiveCfg = Release|Any CPU
		{E0D1B7A8-BC9C-480B-8C34-43C6675404A0}.Release|x86.Build.0 = Release|Any CPU
		{BDA585CB-BCD5-493A-BC1D-FB5215C7CB02}.Debug|Any CPU.ActiveCfg = Debug|Any CPU
		{BDA585CB-BCD5-493A-BC1D-FB5215C7CB02}.Debug|Any CPU.Build.0 = Debug|Any CPU
		{BDA585CB-BCD5-493A-BC1D-FB5215C7CB02}.Debug|x64.ActiveCfg = Debug|Any CPU
		{BDA585CB-BCD5-493A-BC1D-FB5215C7CB02}.Debug|x64.Build.0 = Debug|Any CPU
		{BDA585CB-BCD5-493A-BC1D-FB5215C7CB02}.Debug|x86.ActiveCfg = Debug|Any CPU
		{BDA585CB-BCD5-493A-BC1D-FB5215C7CB02}.Debug|x86.Build.0 = Debug|Any CPU
		{BDA585CB-BCD5-493A-BC1D-FB5215C7CB02}.Release|Any CPU.ActiveCfg = Release|Any CPU
		{BDA585CB-BCD5-493A-BC1D-FB5215C7CB02}.Release|Any CPU.Build.0 = Release|Any CPU
		{BDA585CB-BCD5-493A-BC1D-FB5215C7CB02}.Release|x64.ActiveCfg = Release|Any CPU
		{BDA585CB-BCD5-493A-BC1D-FB5215C7CB02}.Release|x64.Build.0 = Release|Any CPU
		{BDA585CB-BCD5-493A-BC1D-FB5215C7CB02}.Release|x86.ActiveCfg = Release|Any CPU
		{BDA585CB-BCD5-493A-BC1D-FB5215C7CB02}.Release|x86.Build.0 = Release|Any CPU
		{7621A138-A563-4B70-910D-94D68DF16D6D}.Debug|Any CPU.ActiveCfg = Debug|Any CPU
		{7621A138-A563-4B70-910D-94D68DF16D6D}.Debug|Any CPU.Build.0 = Debug|Any CPU
		{7621A138-A563-4B70-910D-94D68DF16D6D}.Debug|x64.ActiveCfg = Debug|Any CPU
		{7621A138-A563-4B70-910D-94D68DF16D6D}.Debug|x64.Build.0 = Debug|Any CPU
		{7621A138-A563-4B70-910D-94D68DF16D6D}.Debug|x86.ActiveCfg = Debug|Any CPU
		{7621A138-A563-4B70-910D-94D68DF16D6D}.Debug|x86.Build.0 = Debug|Any CPU
		{7621A138-A563-4B70-910D-94D68DF16D6D}.Release|Any CPU.ActiveCfg = Release|Any CPU
		{7621A138-A563-4B70-910D-94D68DF16D6D}.Release|Any CPU.Build.0 = Release|Any CPU
		{7621A138-A563-4B70-910D-94D68DF16D6D}.Release|x64.ActiveCfg = Release|Any CPU
		{7621A138-A563-4B70-910D-94D68DF16D6D}.Release|x64.Build.0 = Release|Any CPU
		{7621A138-A563-4B70-910D-94D68DF16D6D}.Release|x86.ActiveCfg = Release|Any CPU
		{7621A138-A563-4B70-910D-94D68DF16D6D}.Release|x86.Build.0 = Release|Any CPU
		{56D9278A-A953-465E-9202-DD19EFC849FA}.Debug|Any CPU.ActiveCfg = Debug|Any CPU
		{56D9278A-A953-465E-9202-DD19EFC849FA}.Debug|Any CPU.Build.0 = Debug|Any CPU
		{56D9278A-A953-465E-9202-DD19EFC849FA}.Debug|x64.ActiveCfg = Debug|Any CPU
		{56D9278A-A953-465E-9202-DD19EFC849FA}.Debug|x64.Build.0 = Debug|Any CPU
		{56D9278A-A953-465E-9202-DD19EFC849FA}.Debug|x86.ActiveCfg = Debug|Any CPU
		{56D9278A-A953-465E-9202-DD19EFC849FA}.Debug|x86.Build.0 = Debug|Any CPU
		{56D9278A-A953-465E-9202-DD19EFC849FA}.Release|Any CPU.ActiveCfg = Release|Any CPU
		{56D9278A-A953-465E-9202-DD19EFC849FA}.Release|Any CPU.Build.0 = Release|Any CPU
		{56D9278A-A953-465E-9202-DD19EFC849FA}.Release|x64.ActiveCfg = Release|Any CPU
		{56D9278A-A953-465E-9202-DD19EFC849FA}.Release|x64.Build.0 = Release|Any CPU
		{56D9278A-A953-465E-9202-DD19EFC849FA}.Release|x86.ActiveCfg = Release|Any CPU
		{56D9278A-A953-465E-9202-DD19EFC849FA}.Release|x86.Build.0 = Release|Any CPU
		{C6B2B727-9321-462F-9D7E-5A3939BF1920}.Debug|Any CPU.ActiveCfg = Debug|Any CPU
		{C6B2B727-9321-462F-9D7E-5A3939BF1920}.Debug|Any CPU.Build.0 = Debug|Any CPU
		{C6B2B727-9321-462F-9D7E-5A3939BF1920}.Debug|x64.ActiveCfg = Debug|Any CPU
		{C6B2B727-9321-462F-9D7E-5A3939BF1920}.Debug|x64.Build.0 = Debug|Any CPU
		{C6B2B727-9321-462F-9D7E-5A3939BF1920}.Debug|x86.ActiveCfg = Debug|Any CPU
		{C6B2B727-9321-462F-9D7E-5A3939BF1920}.Debug|x86.Build.0 = Debug|Any CPU
		{C6B2B727-9321-462F-9D7E-5A3939BF1920}.Release|Any CPU.ActiveCfg = Release|Any CPU
		{C6B2B727-9321-462F-9D7E-5A3939BF1920}.Release|Any CPU.Build.0 = Release|Any CPU
		{C6B2B727-9321-462F-9D7E-5A3939BF1920}.Release|x64.ActiveCfg = Release|Any CPU
		{C6B2B727-9321-462F-9D7E-5A3939BF1920}.Release|x64.Build.0 = Release|Any CPU
		{C6B2B727-9321-462F-9D7E-5A3939BF1920}.Release|x86.ActiveCfg = Release|Any CPU
		{C6B2B727-9321-462F-9D7E-5A3939BF1920}.Release|x86.Build.0 = Release|Any CPU
		{54D6252F-308E-4540-AE5A-FC580FAF0155}.Debug|Any CPU.ActiveCfg = Debug|Any CPU
		{54D6252F-308E-4540-AE5A-FC580FAF0155}.Debug|Any CPU.Build.0 = Debug|Any CPU
		{54D6252F-308E-4540-AE5A-FC580FAF0155}.Debug|x64.ActiveCfg = Debug|Any CPU
		{54D6252F-308E-4540-AE5A-FC580FAF0155}.Debug|x64.Build.0 = Debug|Any CPU
		{54D6252F-308E-4540-AE5A-FC580FAF0155}.Debug|x86.ActiveCfg = Debug|Any CPU
		{54D6252F-308E-4540-AE5A-FC580FAF0155}.Debug|x86.Build.0 = Debug|Any CPU
		{54D6252F-308E-4540-AE5A-FC580FAF0155}.Release|Any CPU.ActiveCfg = Release|Any CPU
		{54D6252F-308E-4540-AE5A-FC580FAF0155}.Release|Any CPU.Build.0 = Release|Any CPU
		{54D6252F-308E-4540-AE5A-FC580FAF0155}.Release|x64.ActiveCfg = Release|Any CPU
		{54D6252F-308E-4540-AE5A-FC580FAF0155}.Release|x64.Build.0 = Release|Any CPU
		{54D6252F-308E-4540-AE5A-FC580FAF0155}.Release|x86.ActiveCfg = Release|Any CPU
		{54D6252F-308E-4540-AE5A-FC580FAF0155}.Release|x86.Build.0 = Release|Any CPU
		{DA485ECA-0CB6-4D4E-A223-3AAD9949AA9C}.Debug|Any CPU.ActiveCfg = Debug|Any CPU
		{DA485ECA-0CB6-4D4E-A223-3AAD9949AA9C}.Debug|Any CPU.Build.0 = Debug|Any CPU
		{DA485ECA-0CB6-4D4E-A223-3AAD9949AA9C}.Debug|x64.ActiveCfg = Debug|Any CPU
		{DA485ECA-0CB6-4D4E-A223-3AAD9949AA9C}.Debug|x64.Build.0 = Debug|Any CPU
		{DA485ECA-0CB6-4D4E-A223-3AAD9949AA9C}.Debug|x86.ActiveCfg = Debug|Any CPU
		{DA485ECA-0CB6-4D4E-A223-3AAD9949AA9C}.Debug|x86.Build.0 = Debug|Any CPU
		{DA485ECA-0CB6-4D4E-A223-3AAD9949AA9C}.Release|Any CPU.ActiveCfg = Release|Any CPU
		{DA485ECA-0CB6-4D4E-A223-3AAD9949AA9C}.Release|Any CPU.Build.0 = Release|Any CPU
		{DA485ECA-0CB6-4D4E-A223-3AAD9949AA9C}.Release|x64.ActiveCfg = Release|Any CPU
		{DA485ECA-0CB6-4D4E-A223-3AAD9949AA9C}.Release|x64.Build.0 = Release|Any CPU
		{DA485ECA-0CB6-4D4E-A223-3AAD9949AA9C}.Release|x86.ActiveCfg = Release|Any CPU
		{DA485ECA-0CB6-4D4E-A223-3AAD9949AA9C}.Release|x86.Build.0 = Release|Any CPU
		{63239069-D824-4417-9E24-A1717D483CF1}.Debug|Any CPU.ActiveCfg = Debug|Any CPU
		{63239069-D824-4417-9E24-A1717D483CF1}.Debug|Any CPU.Build.0 = Debug|Any CPU
		{63239069-D824-4417-9E24-A1717D483CF1}.Debug|x64.ActiveCfg = Debug|Any CPU
		{63239069-D824-4417-9E24-A1717D483CF1}.Debug|x64.Build.0 = Debug|Any CPU
		{63239069-D824-4417-9E24-A1717D483CF1}.Debug|x86.ActiveCfg = Debug|Any CPU
		{63239069-D824-4417-9E24-A1717D483CF1}.Debug|x86.Build.0 = Debug|Any CPU
		{63239069-D824-4417-9E24-A1717D483CF1}.Release|Any CPU.ActiveCfg = Release|Any CPU
		{63239069-D824-4417-9E24-A1717D483CF1}.Release|Any CPU.Build.0 = Release|Any CPU
		{63239069-D824-4417-9E24-A1717D483CF1}.Release|x64.ActiveCfg = Release|Any CPU
		{63239069-D824-4417-9E24-A1717D483CF1}.Release|x64.Build.0 = Release|Any CPU
		{63239069-D824-4417-9E24-A1717D483CF1}.Release|x86.ActiveCfg = Release|Any CPU
		{63239069-D824-4417-9E24-A1717D483CF1}.Release|x86.Build.0 = Release|Any CPU
		{1B9DE97A-1D8B-4E01-A718-B2EA09CAD3C8}.Debug|Any CPU.ActiveCfg = Debug|Any CPU
		{1B9DE97A-1D8B-4E01-A718-B2EA09CAD3C8}.Debug|Any CPU.Build.0 = Debug|Any CPU
		{1B9DE97A-1D8B-4E01-A718-B2EA09CAD3C8}.Debug|x64.ActiveCfg = Debug|Any CPU
		{1B9DE97A-1D8B-4E01-A718-B2EA09CAD3C8}.Debug|x64.Build.0 = Debug|Any CPU
		{1B9DE97A-1D8B-4E01-A718-B2EA09CAD3C8}.Debug|x86.ActiveCfg = Debug|Any CPU
		{1B9DE97A-1D8B-4E01-A718-B2EA09CAD3C8}.Debug|x86.Build.0 = Debug|Any CPU
		{1B9DE97A-1D8B-4E01-A718-B2EA09CAD3C8}.Release|Any CPU.ActiveCfg = Release|Any CPU
		{1B9DE97A-1D8B-4E01-A718-B2EA09CAD3C8}.Release|Any CPU.Build.0 = Release|Any CPU
		{1B9DE97A-1D8B-4E01-A718-B2EA09CAD3C8}.Release|x64.ActiveCfg = Release|Any CPU
		{1B9DE97A-1D8B-4E01-A718-B2EA09CAD3C8}.Release|x64.Build.0 = Release|Any CPU
		{1B9DE97A-1D8B-4E01-A718-B2EA09CAD3C8}.Release|x86.ActiveCfg = Release|Any CPU
		{1B9DE97A-1D8B-4E01-A718-B2EA09CAD3C8}.Release|x86.Build.0 = Release|Any CPU
		{955EA96B-A527-4D1E-A0AD-8C98E8307DFA}.Debug|Any CPU.ActiveCfg = Debug|x64
		{955EA96B-A527-4D1E-A0AD-8C98E8307DFA}.Debug|Any CPU.Build.0 = Debug|x64
		{955EA96B-A527-4D1E-A0AD-8C98E8307DFA}.Debug|x64.ActiveCfg = Debug|x64
		{955EA96B-A527-4D1E-A0AD-8C98E8307DFA}.Debug|x64.Build.0 = Debug|x64
		{955EA96B-A527-4D1E-A0AD-8C98E8307DFA}.Debug|x86.ActiveCfg = Debug|Win32
		{955EA96B-A527-4D1E-A0AD-8C98E8307DFA}.Debug|x86.Build.0 = Debug|Win32
		{955EA96B-A527-4D1E-A0AD-8C98E8307DFA}.Release|Any CPU.ActiveCfg = Release|x64
		{955EA96B-A527-4D1E-A0AD-8C98E8307DFA}.Release|Any CPU.Build.0 = Release|x64
		{955EA96B-A527-4D1E-A0AD-8C98E8307DFA}.Release|x64.ActiveCfg = Release|x64
		{955EA96B-A527-4D1E-A0AD-8C98E8307DFA}.Release|x64.Build.0 = Release|x64
		{955EA96B-A527-4D1E-A0AD-8C98E8307DFA}.Release|x86.ActiveCfg = Release|Win32
		{955EA96B-A527-4D1E-A0AD-8C98E8307DFA}.Release|x86.Build.0 = Release|Win32
		{30085D85-5169-4834-B5FE-62C935398204}.Debug|Any CPU.ActiveCfg = Debug|x64
		{30085D85-5169-4834-B5FE-62C935398204}.Debug|Any CPU.Build.0 = Debug|x64
		{30085D85-5169-4834-B5FE-62C935398204}.Debug|x64.ActiveCfg = Debug|x64
		{30085D85-5169-4834-B5FE-62C935398204}.Debug|x64.Build.0 = Debug|x64
		{30085D85-5169-4834-B5FE-62C935398204}.Debug|x86.ActiveCfg = Debug|Win32
		{30085D85-5169-4834-B5FE-62C935398204}.Debug|x86.Build.0 = Debug|Win32
		{30085D85-5169-4834-B5FE-62C935398204}.Release|Any CPU.ActiveCfg = Release|x64
		{30085D85-5169-4834-B5FE-62C935398204}.Release|Any CPU.Build.0 = Release|x64
		{30085D85-5169-4834-B5FE-62C935398204}.Release|x64.ActiveCfg = Release|x64
		{30085D85-5169-4834-B5FE-62C935398204}.Release|x64.Build.0 = Release|x64
		{30085D85-5169-4834-B5FE-62C935398204}.Release|x86.ActiveCfg = Release|Win32
		{30085D85-5169-4834-B5FE-62C935398204}.Release|x86.Build.0 = Release|Win32
		{FF4860A5-BB52-4F8E-8632-CC91734CBB82}.Debug|Any CPU.ActiveCfg = Debug|x64
		{FF4860A5-BB52-4F8E-8632-CC91734CBB82}.Debug|Any CPU.Build.0 = Debug|x64
		{FF4860A5-BB52-4F8E-8632-CC91734CBB82}.Debug|x64.ActiveCfg = Debug|x64
		{FF4860A5-BB52-4F8E-8632-CC91734CBB82}.Debug|x64.Build.0 = Debug|x64
		{FF4860A5-BB52-4F8E-8632-CC91734CBB82}.Debug|x86.ActiveCfg = Debug|Win32
		{FF4860A5-BB52-4F8E-8632-CC91734CBB82}.Debug|x86.Build.0 = Debug|Win32
		{FF4860A5-BB52-4F8E-8632-CC91734CBB82}.Release|Any CPU.ActiveCfg = Release|x64
		{FF4860A5-BB52-4F8E-8632-CC91734CBB82}.Release|Any CPU.Build.0 = Release|x64
		{FF4860A5-BB52-4F8E-8632-CC91734CBB82}.Release|x64.ActiveCfg = Release|x64
		{FF4860A5-BB52-4F8E-8632-CC91734CBB82}.Release|x64.Build.0 = Release|x64
		{FF4860A5-BB52-4F8E-8632-CC91734CBB82}.Release|x86.ActiveCfg = Release|Win32
		{FF4860A5-BB52-4F8E-8632-CC91734CBB82}.Release|x86.Build.0 = Release|Win32
		{B5FEEFF4-AE54-4C8D-871B-63ED5FB0690B}.Debug|Any CPU.ActiveCfg = Debug|x64
		{B5FEEFF4-AE54-4C8D-871B-63ED5FB0690B}.Debug|Any CPU.Build.0 = Debug|x64
		{B5FEEFF4-AE54-4C8D-871B-63ED5FB0690B}.Debug|x64.ActiveCfg = Debug|x64
		{B5FEEFF4-AE54-4C8D-871B-63ED5FB0690B}.Debug|x64.Build.0 = Debug|x64
		{B5FEEFF4-AE54-4C8D-871B-63ED5FB0690B}.Debug|x86.ActiveCfg = Debug|Win32
		{B5FEEFF4-AE54-4C8D-871B-63ED5FB0690B}.Debug|x86.Build.0 = Debug|Win32
		{B5FEEFF4-AE54-4C8D-871B-63ED5FB0690B}.Release|Any CPU.ActiveCfg = Release|x64
		{B5FEEFF4-AE54-4C8D-871B-63ED5FB0690B}.Release|Any CPU.Build.0 = Release|x64
		{B5FEEFF4-AE54-4C8D-871B-63ED5FB0690B}.Release|x64.ActiveCfg = Release|x64
		{B5FEEFF4-AE54-4C8D-871B-63ED5FB0690B}.Release|x64.Build.0 = Release|x64
		{B5FEEFF4-AE54-4C8D-871B-63ED5FB0690B}.Release|x86.ActiveCfg = Release|Win32
		{B5FEEFF4-AE54-4C8D-871B-63ED5FB0690B}.Release|x86.Build.0 = Release|Win32
		{EE4246C1-8952-4CBB-97EA-0B4775265973}.Debug|Any CPU.ActiveCfg = Debug|x64
		{EE4246C1-8952-4CBB-97EA-0B4775265973}.Debug|Any CPU.Build.0 = Debug|x64
		{EE4246C1-8952-4CBB-97EA-0B4775265973}.Debug|x64.ActiveCfg = Debug|x64
		{EE4246C1-8952-4CBB-97EA-0B4775265973}.Debug|x64.Build.0 = Debug|x64
		{EE4246C1-8952-4CBB-97EA-0B4775265973}.Debug|x86.ActiveCfg = Debug|Win32
		{EE4246C1-8952-4CBB-97EA-0B4775265973}.Debug|x86.Build.0 = Debug|Win32
		{EE4246C1-8952-4CBB-97EA-0B4775265973}.Release|Any CPU.ActiveCfg = Release|x64
		{EE4246C1-8952-4CBB-97EA-0B4775265973}.Release|Any CPU.Build.0 = Release|x64
		{EE4246C1-8952-4CBB-97EA-0B4775265973}.Release|x64.ActiveCfg = Release|x64
		{EE4246C1-8952-4CBB-97EA-0B4775265973}.Release|x64.Build.0 = Release|x64
		{EE4246C1-8952-4CBB-97EA-0B4775265973}.Release|x86.ActiveCfg = Release|Win32
		{EE4246C1-8952-4CBB-97EA-0B4775265973}.Release|x86.Build.0 = Release|Win32
		{F0FA87F2-3126-4F5E-930D-8F98CDF7083D}.Debug|Any CPU.ActiveCfg = Debug|x64
		{F0FA87F2-3126-4F5E-930D-8F98CDF7083D}.Debug|Any CPU.Build.0 = Debug|x64
		{F0FA87F2-3126-4F5E-930D-8F98CDF7083D}.Debug|x64.ActiveCfg = Debug|x64
		{F0FA87F2-3126-4F5E-930D-8F98CDF7083D}.Debug|x64.Build.0 = Debug|x64
		{F0FA87F2-3126-4F5E-930D-8F98CDF7083D}.Debug|x86.ActiveCfg = Debug|Win32
		{F0FA87F2-3126-4F5E-930D-8F98CDF7083D}.Debug|x86.Build.0 = Debug|Win32
		{F0FA87F2-3126-4F5E-930D-8F98CDF7083D}.Release|Any CPU.ActiveCfg = Release|x64
		{F0FA87F2-3126-4F5E-930D-8F98CDF7083D}.Release|Any CPU.Build.0 = Release|x64
		{F0FA87F2-3126-4F5E-930D-8F98CDF7083D}.Release|x64.ActiveCfg = Release|x64
		{F0FA87F2-3126-4F5E-930D-8F98CDF7083D}.Release|x64.Build.0 = Release|x64
		{F0FA87F2-3126-4F5E-930D-8F98CDF7083D}.Release|x86.ActiveCfg = Release|Win32
		{F0FA87F2-3126-4F5E-930D-8F98CDF7083D}.Release|x86.Build.0 = Release|Win32
		{C3F81265-8A60-40DD-9669-B1ACDBCE0116}.Debug|Any CPU.ActiveCfg = Debug|x64
		{C3F81265-8A60-40DD-9669-B1ACDBCE0116}.Debug|Any CPU.Build.0 = Debug|x64
		{C3F81265-8A60-40DD-9669-B1ACDBCE0116}.Debug|x64.ActiveCfg = Debug|x64
		{C3F81265-8A60-40DD-9669-B1ACDBCE0116}.Debug|x64.Build.0 = Debug|x64
		{C3F81265-8A60-40DD-9669-B1ACDBCE0116}.Debug|x86.ActiveCfg = Debug|Win32
		{C3F81265-8A60-40DD-9669-B1ACDBCE0116}.Debug|x86.Build.0 = Debug|Win32
		{C3F81265-8A60-40DD-9669-B1ACDBCE0116}.Release|Any CPU.ActiveCfg = Release|x64
		{C3F81265-8A60-40DD-9669-B1ACDBCE0116}.Release|Any CPU.Build.0 = Release|x64
		{C3F81265-8A60-40DD-9669-B1ACDBCE0116}.Release|x64.ActiveCfg = Release|x64
		{C3F81265-8A60-40DD-9669-B1ACDBCE0116}.Release|x64.Build.0 = Release|x64
		{C3F81265-8A60-40DD-9669-B1ACDBCE0116}.Release|x86.ActiveCfg = Release|Win32
		{C3F81265-8A60-40DD-9669-B1ACDBCE0116}.Release|x86.Build.0 = Release|Win32
		{AAC92ADE-F77A-4902-ABEC-FDDC6B18E64E}.Debug|Any CPU.ActiveCfg = Debug|x64
		{AAC92ADE-F77A-4902-ABEC-FDDC6B18E64E}.Debug|Any CPU.Build.0 = Debug|x64
		{AAC92ADE-F77A-4902-ABEC-FDDC6B18E64E}.Debug|x64.ActiveCfg = Debug|x64
		{AAC92ADE-F77A-4902-ABEC-FDDC6B18E64E}.Debug|x64.Build.0 = Debug|x64
		{AAC92ADE-F77A-4902-ABEC-FDDC6B18E64E}.Debug|x86.ActiveCfg = Debug|Win32
		{AAC92ADE-F77A-4902-ABEC-FDDC6B18E64E}.Debug|x86.Build.0 = Debug|Win32
		{AAC92ADE-F77A-4902-ABEC-FDDC6B18E64E}.Release|Any CPU.ActiveCfg = Release|x64
		{AAC92ADE-F77A-4902-ABEC-FDDC6B18E64E}.Release|Any CPU.Build.0 = Release|x64
		{AAC92ADE-F77A-4902-ABEC-FDDC6B18E64E}.Release|x64.ActiveCfg = Release|x64
		{AAC92ADE-F77A-4902-ABEC-FDDC6B18E64E}.Release|x64.Build.0 = Release|x64
		{AAC92ADE-F77A-4902-ABEC-FDDC6B18E64E}.Release|x86.ActiveCfg = Release|Win32
		{AAC92ADE-F77A-4902-ABEC-FDDC6B18E64E}.Release|x86.Build.0 = Release|Win32
		{A24DEFA7-97B3-4886-AC4E-B39D85C3D68E}.Debug|Any CPU.ActiveCfg = Debug|x64
		{A24DEFA7-97B3-4886-AC4E-B39D85C3D68E}.Debug|Any CPU.Build.0 = Debug|x64
		{A24DEFA7-97B3-4886-AC4E-B39D85C3D68E}.Debug|x64.ActiveCfg = Debug|x64
		{A24DEFA7-97B3-4886-AC4E-B39D85C3D68E}.Debug|x64.Build.0 = Debug|x64
		{A24DEFA7-97B3-4886-AC4E-B39D85C3D68E}.Debug|x86.ActiveCfg = Debug|Win32
		{A24DEFA7-97B3-4886-AC4E-B39D85C3D68E}.Debug|x86.Build.0 = Debug|Win32
		{A24DEFA7-97B3-4886-AC4E-B39D85C3D68E}.Release|Any CPU.ActiveCfg = Release|x64
		{A24DEFA7-97B3-4886-AC4E-B39D85C3D68E}.Release|Any CPU.Build.0 = Release|x64
		{A24DEFA7-97B3-4886-AC4E-B39D85C3D68E}.Release|x64.ActiveCfg = Release|x64
		{A24DEFA7-97B3-4886-AC4E-B39D85C3D68E}.Release|x64.Build.0 = Release|x64
		{A24DEFA7-97B3-4886-AC4E-B39D85C3D68E}.Release|x86.ActiveCfg = Release|Win32
		{A24DEFA7-97B3-4886-AC4E-B39D85C3D68E}.Release|x86.Build.0 = Release|Win32
		{3A3BE22D-7899-4973-8F14-B7A7F8DBC231}.Debug|Any CPU.ActiveCfg = Debug|x64
		{3A3BE22D-7899-4973-8F14-B7A7F8DBC231}.Debug|Any CPU.Build.0 = Debug|x64
		{3A3BE22D-7899-4973-8F14-B7A7F8DBC231}.Debug|x64.ActiveCfg = Debug|x64
		{3A3BE22D-7899-4973-8F14-B7A7F8DBC231}.Debug|x64.Build.0 = Debug|x64
		{3A3BE22D-7899-4973-8F14-B7A7F8DBC231}.Debug|x86.ActiveCfg = Debug|Win32
		{3A3BE22D-7899-4973-8F14-B7A7F8DBC231}.Debug|x86.Build.0 = Debug|Win32
		{3A3BE22D-7899-4973-8F14-B7A7F8DBC231}.Release|Any CPU.ActiveCfg = Release|x64
		{3A3BE22D-7899-4973-8F14-B7A7F8DBC231}.Release|Any CPU.Build.0 = Release|x64
		{3A3BE22D-7899-4973-8F14-B7A7F8DBC231}.Release|x64.ActiveCfg = Release|x64
		{3A3BE22D-7899-4973-8F14-B7A7F8DBC231}.Release|x64.Build.0 = Release|x64
		{3A3BE22D-7899-4973-8F14-B7A7F8DBC231}.Release|x86.ActiveCfg = Release|Win32
		{3A3BE22D-7899-4973-8F14-B7A7F8DBC231}.Release|x86.Build.0 = Release|Win32
		{CB86D461-92CD-4332-8C78-01E884436593}.Debug|Any CPU.ActiveCfg = Debug|x64
		{CB86D461-92CD-4332-8C78-01E884436593}.Debug|Any CPU.Build.0 = Debug|x64
		{CB86D461-92CD-4332-8C78-01E884436593}.Debug|x64.ActiveCfg = Debug|x64
		{CB86D461-92CD-4332-8C78-01E884436593}.Debug|x64.Build.0 = Debug|x64
		{CB86D461-92CD-4332-8C78-01E884436593}.Debug|x86.ActiveCfg = Debug|Win32
		{CB86D461-92CD-4332-8C78-01E884436593}.Debug|x86.Build.0 = Debug|Win32
		{CB86D461-92CD-4332-8C78-01E884436593}.Release|Any CPU.ActiveCfg = Release|x64
		{CB86D461-92CD-4332-8C78-01E884436593}.Release|Any CPU.Build.0 = Release|x64
		{CB86D461-92CD-4332-8C78-01E884436593}.Release|x64.ActiveCfg = Release|x64
		{CB86D461-92CD-4332-8C78-01E884436593}.Release|x64.Build.0 = Release|x64
		{CB86D461-92CD-4332-8C78-01E884436593}.Release|x86.ActiveCfg = Release|Win32
		{CB86D461-92CD-4332-8C78-01E884436593}.Release|x86.Build.0 = Release|Win32
		{6780C45A-A0F7-43A0-A41E-90251BCE6221}.Debug|Any CPU.ActiveCfg = Debug|x64
		{6780C45A-A0F7-43A0-A41E-90251BCE6221}.Debug|Any CPU.Build.0 = Debug|x64
		{6780C45A-A0F7-43A0-A41E-90251BCE6221}.Debug|x64.ActiveCfg = Debug|x64
		{6780C45A-A0F7-43A0-A41E-90251BCE6221}.Debug|x64.Build.0 = Debug|x64
		{6780C45A-A0F7-43A0-A41E-90251BCE6221}.Debug|x86.ActiveCfg = Debug|Win32
		{6780C45A-A0F7-43A0-A41E-90251BCE6221}.Debug|x86.Build.0 = Debug|Win32
		{6780C45A-A0F7-43A0-A41E-90251BCE6221}.Release|Any CPU.ActiveCfg = Release|x64
		{6780C45A-A0F7-43A0-A41E-90251BCE6221}.Release|Any CPU.Build.0 = Release|x64
		{6780C45A-A0F7-43A0-A41E-90251BCE6221}.Release|x64.ActiveCfg = Release|x64
		{6780C45A-A0F7-43A0-A41E-90251BCE6221}.Release|x64.Build.0 = Release|x64
		{6780C45A-A0F7-43A0-A41E-90251BCE6221}.Release|x86.ActiveCfg = Release|Win32
		{6780C45A-A0F7-43A0-A41E-90251BCE6221}.Release|x86.Build.0 = Release|Win32
		{54D67954-4B2F-4DBE-A6CD-06C323CC007D}.Debug|Any CPU.ActiveCfg = Debug|x64
		{54D67954-4B2F-4DBE-A6CD-06C323CC007D}.Debug|Any CPU.Build.0 = Debug|x64
		{54D67954-4B2F-4DBE-A6CD-06C323CC007D}.Debug|x64.ActiveCfg = Debug|x64
		{54D67954-4B2F-4DBE-A6CD-06C323CC007D}.Debug|x64.Build.0 = Debug|x64
		{54D67954-4B2F-4DBE-A6CD-06C323CC007D}.Debug|x86.ActiveCfg = Debug|Win32
		{54D67954-4B2F-4DBE-A6CD-06C323CC007D}.Debug|x86.Build.0 = Debug|Win32
		{54D67954-4B2F-4DBE-A6CD-06C323CC007D}.Release|Any CPU.ActiveCfg = Release|x64
		{54D67954-4B2F-4DBE-A6CD-06C323CC007D}.Release|Any CPU.Build.0 = Release|x64
		{54D67954-4B2F-4DBE-A6CD-06C323CC007D}.Release|x64.ActiveCfg = Release|x64
		{54D67954-4B2F-4DBE-A6CD-06C323CC007D}.Release|x64.Build.0 = Release|x64
		{54D67954-4B2F-4DBE-A6CD-06C323CC007D}.Release|x86.ActiveCfg = Release|Win32
		{54D67954-4B2F-4DBE-A6CD-06C323CC007D}.Release|x86.Build.0 = Release|Win32
		{77394DDA-DC33-43A8-B9F2-5807B4260C58}.Debug|Any CPU.ActiveCfg = Debug|x64
		{77394DDA-DC33-43A8-B9F2-5807B4260C58}.Debug|Any CPU.Build.0 = Debug|x64
		{77394DDA-DC33-43A8-B9F2-5807B4260C58}.Debug|x64.ActiveCfg = Debug|x64
		{77394DDA-DC33-43A8-B9F2-5807B4260C58}.Debug|x64.Build.0 = Debug|x64
		{77394DDA-DC33-43A8-B9F2-5807B4260C58}.Debug|x86.ActiveCfg = Debug|Win32
		{77394DDA-DC33-43A8-B9F2-5807B4260C58}.Debug|x86.Build.0 = Debug|Win32
		{77394DDA-DC33-43A8-B9F2-5807B4260C58}.Release|Any CPU.ActiveCfg = Release|x64
		{77394DDA-DC33-43A8-B9F2-5807B4260C58}.Release|Any CPU.Build.0 = Release|x64
		{77394DDA-DC33-43A8-B9F2-5807B4260C58}.Release|x64.ActiveCfg = Release|x64
		{77394DDA-DC33-43A8-B9F2-5807B4260C58}.Release|x64.Build.0 = Release|x64
		{77394DDA-DC33-43A8-B9F2-5807B4260C58}.Release|x86.ActiveCfg = Release|Win32
		{77394DDA-DC33-43A8-B9F2-5807B4260C58}.Release|x86.Build.0 = Release|Win32
		{B840442B-3B89-4987-8FB1-3DE7424708F5}.Debug|Any CPU.ActiveCfg = Debug|x64
		{B840442B-3B89-4987-8FB1-3DE7424708F5}.Debug|Any CPU.Build.0 = Debug|x64
		{B840442B-3B89-4987-8FB1-3DE7424708F5}.Debug|x64.ActiveCfg = Debug|x64
		{B840442B-3B89-4987-8FB1-3DE7424708F5}.Debug|x64.Build.0 = Debug|x64
		{B840442B-3B89-4987-8FB1-3DE7424708F5}.Debug|x86.ActiveCfg = Debug|Win32
		{B840442B-3B89-4987-8FB1-3DE7424708F5}.Debug|x86.Build.0 = Debug|Win32
		{B840442B-3B89-4987-8FB1-3DE7424708F5}.Release|Any CPU.ActiveCfg = Release|x64
		{B840442B-3B89-4987-8FB1-3DE7424708F5}.Release|Any CPU.Build.0 = Release|x64
		{B840442B-3B89-4987-8FB1-3DE7424708F5}.Release|x64.ActiveCfg = Release|x64
		{B840442B-3B89-4987-8FB1-3DE7424708F5}.Release|x64.Build.0 = Release|x64
		{B840442B-3B89-4987-8FB1-3DE7424708F5}.Release|x86.ActiveCfg = Release|Win32
		{B840442B-3B89-4987-8FB1-3DE7424708F5}.Release|x86.Build.0 = Release|Win32
		{98875B9F-3D87-4BE2-9250-39428DF36930}.Debug|Any CPU.ActiveCfg = Debug|x64
		{98875B9F-3D87-4BE2-9250-39428DF36930}.Debug|Any CPU.Build.0 = Debug|x64
		{98875B9F-3D87-4BE2-9250-39428DF36930}.Debug|x64.ActiveCfg = Debug|x64
		{98875B9F-3D87-4BE2-9250-39428DF36930}.Debug|x64.Build.0 = Debug|x64
		{98875B9F-3D87-4BE2-9250-39428DF36930}.Debug|x86.ActiveCfg = Debug|Win32
		{98875B9F-3D87-4BE2-9250-39428DF36930}.Debug|x86.Build.0 = Debug|Win32
		{98875B9F-3D87-4BE2-9250-39428DF36930}.Release|Any CPU.ActiveCfg = Release|x64
		{98875B9F-3D87-4BE2-9250-39428DF36930}.Release|Any CPU.Build.0 = Release|x64
		{98875B9F-3D87-4BE2-9250-39428DF36930}.Release|x64.ActiveCfg = Release|x64
		{98875B9F-3D87-4BE2-9250-39428DF36930}.Release|x64.Build.0 = Release|x64
		{98875B9F-3D87-4BE2-9250-39428DF36930}.Release|x86.ActiveCfg = Release|Win32
		{98875B9F-3D87-4BE2-9250-39428DF36930}.Release|x86.Build.0 = Release|Win32
	EndGlobalSection
	GlobalSection(SolutionProperties) = preSolution
		HideSolutionNode = FALSE
	EndGlobalSection
	GlobalSection(ExtensibilityGlobals) = postSolution
		SolutionGuid = {E42D67D0-0E54-4055-B5DB-C0CAFA0E0B8F}
	EndGlobalSection
EndGlobal
